github.com/kelseyhightower/envconfig v1.4.0 h1:Im6hONhd3pLkfDFsbRgu68RDNkGF1r3dvMUtDTo2cv8=
github.com/kelseyhightower/envconfig v1.4.0/go.mod h1:cccZRl6mQpaq41TPp5QxidR+Sa3axMbJDNb//FQX6Gg=
github.com/morikuni/failure v0.11.0 h1:fLQwvKbFhGYmHankExnKlsKGYbath50lBAujCd4lE7A=
github.com/morikuni/failure v0.11.0/go.mod h1:+IjvKCz9B/D4BQrTzYLwERdWyMkGJdu+q5gri9dWecg=
